
Microsoft Visual Studio Solution File, Format Version 12.00
# Visual Studio Version 16
VisualStudioVersion = 16.0.30320.27
MinimumVisualStudioVersion = 10.0.40219.1
Project("{FAE04EC0-301F-11D3-BF4B-00C04F79EFBC}") = "ProductosYPlanes", "ProductosYPlanes.csproj", "{B65A499E-DAD4-4BA4-86A9-60D45F259630}"
EndProject
Global
	GlobalSection(SolutionConfigurationPlatforms) = preSolution
		Debug|Any CPU = Debug|Any CPU
		Release|Any CPU = Release|Any CPU
	EndGlobalSection
	GlobalSection(ProjectConfigurationPlatforms) = postSolution
		{B65A499E-DAD4-4BA4-86A9-60D45F259630}.Debug|Any CPU.ActiveCfg = Debug|Any CPU
		{B65A499E-DAD4-4BA4-86A9-60D45F259630}.Debug|Any CPU.Build.0 = Debug|Any CPU
		{B65A499E-DAD4-4BA4-86A9-60D45F259630}.Release|Any CPU.ActiveCfg = Release|Any CPU
		{B65A499E-DAD4-4BA4-86A9-60D45F259630}.Release|Any CPU.Build.0 = Release|Any CPU
	EndGlobalSection
	GlobalSection(SolutionProperties) = preSolution
		HideSolutionNode = FALSE
	EndGlobalSection
	GlobalSection(ExtensibilityGlobals) = postSolution
		SolutionGuid = {A792985A-BFC3-4B5F-9676-02D8F5992B8B}
	EndGlobalSection
EndGlobal
